
Microsoft Visual Studio Solution File, Format Version 12.00
# Visual Studio Version 17
VisualStudioVersion = 17.3.32819.101
MinimumVisualStudioVersion = 10.0.40219.1
Project("{FAE04EC0-301F-11D3-BF4B-00C04F79EFBC}") = "GroceryStore", "GroceryStore\GroceryStore.csproj", "{48E8E2F7-E9EE-4670-B0B6-CCDF8E4416FA}"
EndProject
Global
	GlobalSection(SolutionConfigurationPlatforms) = preSolution
		Debug|Any CPU = Debug|Any CPU
		Release|Any CPU = Release|Any CPU
	EndGlobalSection
	GlobalSection(ProjectConfigurationPlatforms) = postSolution
		{48E8E2F7-E9EE-4670-B0B6-CCDF8E4416FA}.Debug|Any CPU.ActiveCfg = Debug|Any CPU
		{48E8E2F7-E9EE-4670-B0B6-CCDF8E4416FA}.Debug|Any CPU.Build.0 = Debug|Any CPU
		{48E8E2F7-E9EE-4670-B0B6-CCDF8E4416FA}.Release|Any CPU.ActiveCfg = Release|Any CPU
		{48E8E2F7-E9EE-4670-B0B6-CCDF8E4416FA}.Release|Any CPU.Build.0 = Release|Any CPU
	EndGlobalSection
	GlobalSection(SolutionProperties) = preSolution
		HideSolutionNode = FALSE
	EndGlobalSection
	GlobalSection(ExtensibilityGlobals) = postSolution
		SolutionGuid = {9AC465FB-8067-44AD-85DF-643FB661CBC6}
	EndGlobalSection
EndGlobal
